PODS:
  - BartyCrouch (4.4.1)
  - LetsMove (1.25)
  - Sparkle (1.24.0)
  - SwiftGen (6.4.0)
  - SwiftLint (0.42.0)

DEPENDENCIES:
  - BartyCrouch
  - LetsMove
  - Sparkle
  - SwiftGen
  - SwiftLint

SPEC REPOS:
  https://github.com/CocoaPods/Specs.git:
    - BartyCrouch
    - LetsMove
    - Sparkle
    - SwiftGen
    - SwiftLint

SPEC CHECKSUMS:
  BartyCrouch: cae913efe1d6414781d3aae2103922ef4a4edb6d
  LetsMove: 7b9fe44737707d984fbd3f47af46609a9a07b461
  Sparkle: 270cd27377bf04e9c128af06e3a22d0f572d6ee3
  SwiftGen: 67860cc7c3cfc2ed25b9b74cfd55495fc89f9108
  SwiftLint: 4fa9579c63416865179bc416f0a92d55f009600d

PODFILE CHECKSUM: 68383cbd661e9f563f8f51fced2397a69c63b978

COCOAPODS: 1.8.4
