{
  "object": {
    "pins": [
      {
        "package": "AEXML",
        "repositoryURL": "https://github.com/tadija/AEXML",
        "state": {
          "branch": null,
          "revision": "502c4d43a6cc9c395d19111e09dc62ad834977b5",
          "version": "4.6.0"
        }
      },
      {
        "package": "KeyHolder",
        "repositoryURL": "https://github.com/Clipy/KeyHolder",
        "state": {
          "branch": null,
          "revision": "cef9049e47ab9b038e23c2c41e70726d25a97875",
          "version": "4.0.0"
        }
      },
      {
        "package": "Logger",
        "repositoryURL": "https://github.com/f-meloni/Logger",
        "state": {
          "branch": null,
          "revision": "53c3ecca5abe8cf46697e33901ee774236d94cce",
          "version": "0.2.3"
        }
      },
      {
        "package": "LoginServiceKit",
        "repositoryURL": "https://github.com/Clipy/LoginServiceKit",
        "state": {
          "branch": null,
          "revision": "14e88a763ddd230708060c52e5be2662d9142e91",
          "version": "2.2.0"
        }
      },
      {
        "package": "Magnet",
        "repositoryURL": "https://github.com/Clipy/Magnet",
        "state": {
          "branch": null,
          "revision": "fbf67cebb2ab6b99786f2b046fbad8fba8524889",
          "version": "3.2.0"
        }
      },
      {
        "package": "Nimble",
        "repositoryURL": "https://github.com/Quick/Nimble",
        "state": {
          "branch": null,
          "revision": "7a46a5fc86cb917f69e3daf79fcb045283d8f008",
          "version": "8.1.2"
        }
      },
      {
        "package": "PackageConfig",
        "repositoryURL": "https://github.com/shibapm/PackageConfig.git",
        "state": {
          "branch": null,
          "revision": "bf90dc69fa0792894b08a0b74cf34029694ae486",
          "version": "0.13.0"
        }
      },
      {
        "package": "PINCache",
        "repositoryURL": "https://github.com/pinterest/PINCache",
        "state": {
          "branch": null,
          "revision": "875c654984fb52b47ca65ae70d24852b0003ccd9",
          "version": "3.0.3"
        }
      },
      {
        "package": "PINOperation",
        "repositoryURL": "https://github.com/pinterest/PINOperation.git",
        "state": {
          "branch": null,
          "revision": "44d8ca154a4e75a028a5548c31ff3a53b90cef15",
          "version": "1.2.1"
        }
      },
      {
        "package": "Quick",
        "repositoryURL": "https://github.com/Quick/Quick",
        "state": {
          "branch": null,
          "revision": "09b3becb37cb2163919a3842a4c5fa6ec7130792",
          "version": "2.2.1"
        }
      },
      {
        "package": "Realm",
        "repositoryURL": "https://github.com/realm/realm-cocoa",
        "state": {
          "branch": null,
          "revision": "40732f2ec0cdc32d9d3df8219b2e655deb3077f1",
          "version": "3.21.0"
        }
      },
      {
        "package": "RealmCore",
        "repositoryURL": "https://github.com/realm/realm-core",
        "state": {
          "branch": null,
          "revision": "512dfaa4f59930e193c92e00ba1924bde69b19de",
          "version": "5.23.5"
        }
      },
      {
        "package": "Rocket",
        "repositoryURL": "https://github.com/shibapm/Rocket",
        "state": {
          "branch": null,
          "revision": "f75c9736733b489a3456b4f3a47cf13adb99f197",
          "version": "0.9.2"
        }
      },
      {
        "package": "RxOptional",
        "repositoryURL": "https://github.com/RxSwiftCommunity/RxOptional",
        "state": {
          "branch": null,
          "revision": "98a1895918e9ba9735a15207dd9c7120e9f51843",
          "version": "4.1.0"
        }
      },
      {
        "package": "RxRealm",
        "repositoryURL": "https://github.com/RxSwiftCommunity/RxRealm",
        "state": {
          "branch": null,
          "revision": "bac74bdc0c04f5ef1c68d46021a115b536903366",
          "version": "1.0.1"
        }
      },
      {
        "package": "RxScreeen",
        "repositoryURL": "https://github.com/Clipy/RxScreeen",
        "state": {
          "branch": null,
          "revision": "5d875f5ac1e6c081350b2d1dd2eaa765bfc53baf",
          "version": "2.0.0"
        }
      },
      {
        "package": "RxSwift",
        "repositoryURL": "https://github.com/ReactiveX/RxSwift",
        "state": {
          "branch": null,
          "revision": "002d325b0bdee94e7882e1114af5ff4fe1e96afa",
          "version": "5.1.1"
        }
      },
      {
        "package": "RxSwiftExt",
        "repositoryURL": "https://github.com/RxSwiftCommunity/RxSwiftExt",
        "state": {
          "branch": null,
          "revision": "9620cd55a58c1cf3370375140c45379c40049f55",
          "version": "5.2.0"
        }
      },
      {
        "package": "Sauce",
        "repositoryURL": "https://github.com/Clipy/Sauce",
        "state": {
          "branch": null,
          "revision": "60508229cecbb915866151ebe9a0bf060a454c84",
          "version": "2.1.0"
        }
      },
      {
        "package": "Screeen",
        "repositoryURL": "https://github.com/Clipy/Screeen",
        "state": {
          "branch": null,
          "revision": "5cf4122429dcd92f5d1f9b96d0ccf19af396fd39",
          "version": "2.0.1"
        }
      },
      {
        "package": "SwiftHEXColors",
        "repositoryURL": "https://github.com/thii/SwiftHEXColors",
        "state": {
          "branch": null,
          "revision": "1f886cb20fedda14a5ac75efd09bc99c95b43a18",
          "version": "1.4.1"
        }
      },
      {
        "package": "SwiftShell",
        "repositoryURL": "https://github.com/kareman/SwiftShell",
        "state": {
          "branch": null,
          "revision": "beebe43c986d89ea5359ac3adcb42dac94e5e08a",
          "version": "4.1.2"
        }
      },
      {
        "package": "Yams",
        "repositoryURL": "https://github.com/jpsim/Yams",
        "state": {
          "branch": null,
          "revision": "c947a306d2e80ecb2c0859047b35c73b8e1ca27f",
          "version": "2.0.0"
        }
      }
    ]
  },
  "version": 1
}
